
Microsoft Visual Studio Solution File, Format Version 12.00
# Visual Studio Version 17
VisualStudioVersion = 17.8.34408.163
MinimumVisualStudioVersion = 10.0.40219.1
Project("{FAE04EC0-301F-11D3-BF4B-00C04F79EFBC}") = "Saju_Midterm", "Saju_Midterm\Saju_Midterm.csproj", "{A4D63F37-BCE9-4CC0-BF83-B5ED54287136}"
EndProject
Global
	GlobalSection(SolutionConfigurationPlatforms) = preSolution
		Debug|Any CPU = Debug|Any CPU
		Release|Any CPU = Release|Any CPU
	EndGlobalSection
	GlobalSection(ProjectConfigurationPlatforms) = postSolution
		{A4D63F37-BCE9-4CC0-BF83-B5ED54287136}.Debug|Any CPU.ActiveCfg = Debug|Any CPU
		{A4D63F37-BCE9-4CC0-BF83-B5ED54287136}.Debug|Any CPU.Build.0 = Debug|Any CPU
		{A4D63F37-BCE9-4CC0-BF83-B5ED54287136}.Release|Any CPU.ActiveCfg = Release|Any CPU
		{A4D63F37-BCE9-4CC0-BF83-B5ED54287136}.Release|Any CPU.Build.0 = Release|Any CPU
	EndGlobalSection
	GlobalSection(SolutionProperties) = preSolution
		HideSolutionNode = FALSE
	EndGlobalSection
	GlobalSection(ExtensibilityGlobals) = postSolution
		SolutionGuid = {6C220EBA-FC1D-4839-99AD-BDF327F49ECD}
	EndGlobalSection
EndGlobal
